{
  "version": 4,
  "terraform_version": "1.7.1",
  "serial": 4,
  "lineage": "6bbbcf96-0f80-48f9-19fe-b3f8b26968d2",
  "outputs": {
    "result1": {
      "value": 51,
      "type": "number"
    }
  },
  "resources": [
    {
      "mode": "managed",
      "type": "local_file",
      "name": "learning_tf",
      "provider": "provider[\"registry.terraform.io/hashicorp/local\"]",
      "instances": [
        {
          "schema_version": 0,
          "attributes": {
            "content": "51",
            "content_base64": null,
            "content_base64sha256": "AxtK9Rl+wwqSb0jPQOEafbxHAEiiHkADt6PAfF2rG6o=",
            "content_base64sha512": "hhUiEg1VnqX5RiL4E5PLVSjYgOjIwjj7UNXOlbOulMqGjxrvG4A8iHsTwJSQtFMhYGI+WaPx7jdJ6dgGlaQ/Og==",
            "content_md5": "2838023a778dfaecdc212708f721b788",
            "content_sha1": "b7eb6c689c037217079766fdb77c3bac3e51cb4c",
            "content_sha256": "031b4af5197ec30a926f48cf40e11a7dbc470048a21e4003b7a3c07c5dab1baa",
            "content_sha512": "861522120d559ea5f94622f81393cb5528d880e8c8c238fb50d5ce95b3ae94ca868f1aef1b803c887b13c09490b4532160623e59a3f1ee3749e9d80695a43f3a",
            "directory_permission": "0777",
            "file_permission": "0700",
            "filename": "terraform  .txt",
            "id": "b7eb6c689c037217079766fdb77c3bac3e51cb4c",
            "sensitive_content": null,
            "source": null
          },
          "sensitive_attributes": [],
          "dependencies": [
            "random_integer.random_int"
          ]
        }
      ]
    },
    {
      "mode": "managed",
      "type": "random_integer",
      "name": "random_int",
      "provider": "provider[\"registry.terraform.io/hashicorp/random\"]",
      "instances": [
        {
          "schema_version": 0,
          "attributes": {
            "id": "51",
            "keepers": null,
            "max": 100,
            "min": 0,
            "result": 51,
            "seed": null
          },
          "sensitive_attributes": []
        }
      ]
    }
  ],
  "check_results": null
}
