{
  "version": 4,
  "terraform_version": "1.7.1",
  "serial": 2,
  "lineage": "fd01af8d-8c5c-f71e-9ca2-c26d246bda77",
  "outputs": {
    "name1": {
      "value": 33,
      "type": "number"
    }
  },
  "resources": [
    {
      "mode": "managed",
      "type": "random_integer",
      "name": "rand_int",
      "provider": "provider[\"registry.terraform.io/hashicorp/random\"]",
      "instances": [
        {
          "schema_version": 0,
          "attributes": {
            "id": "33",
            "keepers": null,
            "max": 40,
            "min": 1,
            "result": 33,
            "seed": null
          },
          "sensitive_attributes": []
        }
      ]
    }
  ],
  "check_results": null
}
