{
  "version": 4,
  "terraform_version": "1.7.1",
  "serial": 1,
  "lineage": "b98cdf11-c45a-33b3-ba9c-0413fc6bd4a6",
  "outputs": {},
  "resources": [
    {
      "mode": "managed",
      "type": "local_file",
      "name": "example_resource",
      "provider": "provider[\"registry.terraform.io/hashicorp/local\"]",
      "instances": [
        {
          "schema_version": 0,
          "attributes": {
            "content": "Master terraform with GCP",
            "content_base64": null,
            "content_base64sha256": "LcWdbr/7OEjhBLTpkUoAy0VS2BMlD2FBWKBawn+VkQg=",
            "content_base64sha512": "cdiWlAYOVANIjM0JrQ+roljXiKf1ewfkJfbyaP3vwnKgt6ICCeuLqn1WRqTEwDQKRi+hV06RP8sZTe4VIEsJqw==",
            "content_md5": "526dd3f799673fba20abcaa91310b13e",
            "content_sha1": "a66484a78136f4f8c7c1803aa266c466705b8803",
            "content_sha256": "2dc59d6ebffb3848e104b4e9914a00cb4552d813250f614158a05ac27f959108",
            "content_sha512": "71d89694060e5403488ccd09ad0faba258d788a7f57b07e425f6f268fdefc272a0b7a20209eb8baa7d5646a4c4c0340a462fa1574e913fcb194dee15204b09ab",
            "directory_permission": "0777",
            "file_permission": "0777",
            "filename": "volkan.txt",
            "id": "a66484a78136f4f8c7c1803aa266c466705b8803",
            "sensitive_content": null,
            "source": null
          },
          "sensitive_attributes": []
        }
      ]
    }
  ],
  "check_results": null
}
