{
  "version": 4,
  "terraform_version": "1.7.1",
  "serial": 1,
  "lineage": "1c52c9cd-d968-09ae-31ab-65b1b0255c70",
  "outputs": {
    "learning_tf": {
      "value": "How much do you pay?",
      "type": "string"
    }
  },
  "resources": [
    {
      "mode": "managed",
      "type": "local_file",
      "name": "learning_tf",
      "provider": "provider[\"registry.terraform.io/hashicorp/local\"]",
      "instances": [
        {
          "schema_version": 0,
          "attributes": {
            "content": "How much do you pay?",
            "content_base64": null,
            "content_base64sha256": "efZ3YwvpqcncY70b6KBExyLGVZIt+jV++hdDx1/Skro=",
            "content_base64sha512": "tOMR/KIkWn9DEpeL8C8XSvdVs880QlcZ1DnNjGTgjv0AMGVALLe6ouWfCFXCOUVw127Z8fKUJnscjdKJj9P/BA==",
            "content_md5": "cee742c298faa0423157fa994aed04e5",
            "content_sha1": "c2ca2a7354c2e7abc25b122ec395b78bfa6562c7",
            "content_sha256": "79f677630be9a9c9dc63bd1be8a044c722c655922dfa357efa1743c75fd292ba",
            "content_sha512": "b4e311fca2245a7f4312978bf02f174af755b3cf34425719d439cd8c64e08efd003065402cb7baa2e59f0855c2394570d76ed9f1f294267b1c8dd2898fd3ff04",
            "directory_permission": "0777",
            "file_permission": "0777",
            "filename": "terraform.txt",
            "id": "c2ca2a7354c2e7abc25b122ec395b78bfa6562c7",
            "sensitive_content": null,
            "source": null
          },
          "sensitive_attributes": []
        }
      ]
    }
  ],
  "check_results": null
}
